<?xml version="1.0" encoding="utf-8"?>
<Project ToolsVersion="4.0" xmlns="http://schemas.microsoft.com/developer/msbuild/2003">
  <ItemGroup>
    <ClCompile Include="main.cpp" />
    <ClCompile Include="geom.cpp" />
    <ClCompile Include="raytrace.cpp" />
    <ClCompile Include="readAssimpFile.cpp" />
    <ClCompile Include="realtime.cpp" />
    <ClCompile Include="rgbe.cpp" />
  </ItemGroup>
  <ItemGroup>
    <ClInclude Include="realtime.h" />
    <ClInclude Include="geom.h" />
    <ClInclude Include="bvh\binned_sah_builder.hpp">
      <Filter>bvh</Filter>
    </ClInclude>
    <ClInclude Include="bvh\bottom_up_algorithm.hpp">
      <Filter>bvh</Filter>
    </ClInclude>
    <ClInclude Include="bvh\bounding_box.hpp">
      <Filter>bvh</Filter>
    </ClInclude>
    <ClInclude Include="bvh\bvh.hpp">
      <Filter>bvh</Filter>
    </ClInclude>
    <ClInclude Include="bvh\heuristic_primitive_splitter.hpp">
      <Filter>bvh</Filter>
    </ClInclude>
    <ClInclude Include="bvh\hierarchy_refitter.hpp">
      <Filter>bvh</Filter>
    </ClInclude>
    <ClInclude Include="bvh\leaf_collapser.hpp">
      <Filter>bvh</Filter>
    </ClInclude>
    <ClInclude Include="bvh\linear_bvh_builder.hpp">
      <Filter>bvh</Filter>
    </ClInclude>
    <ClInclude Include="bvh\locally_ordered_clustering_builder.hpp">
      <Filter>bvh</Filter>
    </ClInclude>
    <ClInclude Include="bvh\morton.hpp">
      <Filter>bvh</Filter>
    </ClInclude>
    <ClInclude Include="bvh\morton_code_based_builder.hpp">
      <Filter>bvh</Filter>
    </ClInclude>
    <ClInclude Include="bvh\node_intersectors.hpp">
      <Filter>bvh</Filter>
    </ClInclude>
    <ClInclude Include="bvh\node_layout_optimizer.hpp">
      <Filter>bvh</Filter>
    </ClInclude>
    <ClInclude Include="bvh\parallel_reinsertion_optimizer.hpp">
      <Filter>bvh</Filter>
    </ClInclude>
    <ClInclude Include="bvh\platform.hpp">
      <Filter>bvh</Filter>
    </ClInclude>
    <ClInclude Include="bvh\prefix_sum.hpp">
      <Filter>bvh</Filter>
    </ClInclude>
    <ClInclude Include="bvh\primitive_intersectors.hpp">
      <Filter>bvh</Filter>
    </ClInclude>
    <ClInclude Include="bvh\radix_sort.hpp">
      <Filter>bvh</Filter>
    </ClInclude>
    <ClInclude Include="bvh\ray.hpp">
      <Filter>bvh</Filter>
    </ClInclude>
    <ClInclude Include="bvh\sah_based_algorithm.hpp">
      <Filter>bvh</Filter>
    </ClInclude>
    <ClInclude Include="bvh\single_ray_traverser.hpp">
      <Filter>bvh</Filter>
    </ClInclude>
    <ClInclude Include="bvh\spatial_split_bvh_builder.hpp">
      <Filter>bvh</Filter>
    </ClInclude>
    <ClInclude Include="bvh\sphere.hpp">
      <Filter>bvh</Filter>
    </ClInclude>
    <ClInclude Include="bvh\sweep_sah_builder.hpp">
      <Filter>bvh</Filter>
    </ClInclude>
    <ClInclude Include="bvh\top_down_builder.hpp">
      <Filter>bvh</Filter>
    </ClInclude>
    <ClInclude Include="bvh\triangle.hpp">
      <Filter>bvh</Filter>
    </ClInclude>
    <ClInclude Include="bvh\utilities.hpp">
      <Filter>bvh</Filter>
    </ClInclude>
    <ClInclude Include="bvh\vector.hpp">
      <Filter>bvh</Filter>
    </ClInclude>
    <ClInclude Include="Camera.h" />
    <ClInclude Include="Ray.h" />
  </ItemGroup>
  <ItemGroup>
    <Filter Include="bvh">
      <UniqueIdentifier>{aa07830e-97ac-4f59-bfeb-b0046b8c8950}</UniqueIdentifier>
    </Filter>
  </ItemGroup>
</Project>